// !$*UTF8*$!
{
	archiveVersion = 1;
	classes = {
	};
	objectVersion = 56;
	objects = {

/* Begin PBXBuildFile section */
		03ECFB2F2BED6B660045A39D /* calculatorApp.swift in Sources */ = {isa = PBXBuildFile; fileRef = 03ECFB2E2BED6B660045A39D /* calculatorApp.swift */; };
		03ECFB312BED6B660045A39D /* ContentView.swift in Sources */ = {isa = PBXBuildFile; fileRef = 03ECFB302BED6B660045A39D /* ContentView.swift */; };
		03ECFB332BED6B670045A39D /* Assets.xcassets in Resources */ = {isa = PBXBuildFile; fileRef = 03ECFB322BED6B670045A39D /* Assets.xcassets */; };
		03ECFB362BED6B670045A39D /* Preview Assets.xcassets in Resources */ = {isa = PBXBuildFile; fileRef = 03ECFB352BED6B670045A39D /* Preview Assets.xcassets */; };
		03ECFB382BED6B670045A39D /* Persistence.swift in Sources */ = {isa = PBXBuildFile; fileRef = 03ECFB372BED6B670045A39D /* Persistence.swift */; };
		03ECFB3B2BED6B670045A39D /* calculator.xcdatamodeld in Sources */ = {isa = PBXBuildFile; fileRef = 03ECFB392BED6B670045A39D /* calculator.xcdatamodeld */; };
		03ECFB452BED6B670045A39D /* calculatorTests.swift in Sources */ = {isa = PBXBuildFile; fileRef = 03ECFB442BED6B670045A39D /* calculatorTests.swift */; };
		03ECFB4F2BED6B670045A39D /* calculatorUITests.swift in Sources */ = {isa = PBXBuildFile; fileRef = 03ECFB4E2BED6B670045A39D /* calculatorUITests.swift */; };
		03ECFB512BED6B670045A39D /* calculatorUITestsLaunchTests.swift in Sources */ = {isa = PBXBuildFile; fileRef = 03ECFB502BED6B670045A39D /* calculatorUITestsLaunchTests.swift */; };
		03ECFB5E2BED6E9C0045A39D /* TotalText.swift in Sources */ = {isa = PBXBuildFile; fileRef = 03ECFB5D2BED6E9C0045A39D /* TotalText.swift */; };
		03ECFB602BED70370045A39D /* calculatorButton.swift in Sources */ = {isa = PBXBuildFile; fileRef = 03ECFB5F2BED70370045A39D /* calculatorButton.swift */; };
/* End PBXBuildFile section */

/* Begin PBXContainerItemProxy section */
		03ECFB412BED6B670045A39D /* PBXContainerItemProxy */ = {
			isa = PBXContainerItemProxy;
			containerPortal = 03ECFB232BED6B660045A39D /* Project object */;
			proxyType = 1;
			remoteGlobalIDString = 03ECFB2A2BED6B660045A39D;
			remoteInfo = calculator;
		};
		03ECFB4B2BED6B670045A39D /* PBXContainerItemProxy */ = {
			isa = PBXContainerItemProxy;
			containerPortal = 03ECFB232BED6B660045A39D /* Project object */;
			proxyType = 1;
			remoteGlobalIDString = 03ECFB2A2BED6B660045A39D;
			remoteInfo = calculator;
		};
/* End PBXContainerItemProxy section */

/* Begin PBXFileReference section */
		03ECFB2B2BED6B660045A39D /* calculator.app */ = {isa = PBXFileReference; explicitFileType = wrapper.application; includeInIndex = 0; path = calculator.app; sourceTree = BUILT_PRODUCTS_DIR; };
		03ECFB2E2BED6B660045A39D /* calculatorApp.swift */ = {isa = PBXFileReference; lastKnownFileType = sourcecode.swift; path = calculatorApp.swift; sourceTree = "<group>"; };
		03ECFB302BED6B660045A39D /* ContentView.swift */ = {isa = PBXFileReference; lastKnownFileType = sourcecode.swift; path = ContentView.swift; sourceTree = "<group>"; };
		03ECFB322BED6B670045A39D /* Assets.xcassets */ = {isa = PBXFileReference; lastKnownFileType = folder.assetcatalog; path = Assets.xcassets; sourceTree = "<group>"; };
		03ECFB352BED6B670045A39D /* Preview Assets.xcassets */ = {isa = PBXFileReference; lastKnownFileType = folder.assetcatalog; path = "Preview Assets.xcassets"; sourceTree = "<group>"; };
		03ECFB372BED6B670045A39D /* Persistence.swift */ = {isa = PBXFileReference; lastKnownFileType = sourcecode.swift; path = Persistence.swift; sourceTree = "<group>"; };
		03ECFB3A2BED6B670045A39D /* calculator.xcdatamodel */ = {isa = PBXFileReference; lastKnownFileType = wrapper.xcdatamodel; path = calculator.xcdatamodel; sourceTree = "<group>"; };
		03ECFB402BED6B670045A39D /* calculatorTests.xctest */ = {isa = PBXFileReference; explicitFileType = wrapper.cfbundle; includeInIndex = 0; path = calculatorTests.xctest; sourceTree = BUILT_PRODUCTS_DIR; };
		03ECFB442BED6B670045A39D /* calculatorTests.swift */ = {isa = PBXFileReference; lastKnownFileType = sourcecode.swift; path = calculatorTests.swift; sourceTree = "<group>"; };
		03ECFB4A2BED6B670045A39D /* calculatorUITests.xctest */ = {isa = PBXFileReference; explicitFileType = wrapper.cfbundle; includeInIndex = 0; path = calculatorUITests.xctest; sourceTree = BUILT_PRODUCTS_DIR; };
		03ECFB4E2BED6B670045A39D /* calculatorUITests.swift */ = {isa = PBXFileReference; lastKnownFileType = sourcecode.swift; path = calculatorUITests.swift; sourceTree = "<group>"; };
		03ECFB502BED6B670045A39D /* calculatorUITestsLaunchTests.swift */ = {isa = PBXFileReference; lastKnownFileType = sourcecode.swift; path = calculatorUITestsLaunchTests.swift; sourceTree = "<group>"; };
		03ECFB5D2BED6E9C0045A39D /* TotalText.swift */ = {isa = PBXFileReference; lastKnownFileType = sourcecode.swift; path = TotalText.swift; sourceTree = "<group>"; };
		03ECFB5F2BED70370045A39D /* calculatorButton.swift */ = {isa = PBXFileReference; lastKnownFileType = sourcecode.swift; path = calculatorButton.swift; sourceTree = "<group>"; };
/* End PBXFileReference section */

/* Begin PBXFrameworksBuildPhase section */
		03ECFB282BED6B660045A39D /* Frameworks */ = {
			isa = PBXFrameworksBuildPhase;
			buildActionMask = 2147483647;
			files = (
			);
			runOnlyForDeploymentPostprocessing = 0;
		};
		03ECFB3D2BED6B670045A39D /* Frameworks */ = {
			isa = PBXFrameworksBuildPhase;
			buildActionMask = 2147483647;
			files = (
			);
			runOnlyForDeploymentPostprocessing = 0;
		};
		03ECFB472BED6B670045A39D /* Frameworks */ = {
			isa = PBXFrameworksBuildPhase;
			buildActionMask = 2147483647;
			files = (
			);
			runOnlyForDeploymentPostprocessing = 0;
		};
/* End PBXFrameworksBuildPhase section */

/* Begin PBXGroup section */
		03ECFB222BED6B660045A39D = {
			isa = PBXGroup;
			children = (
				03ECFB2D2BED6B660045A39D /* calculator */,
				03ECFB432BED6B670045A39D /* calculatorTests */,
				03ECFB4D2BED6B670045A39D /* calculatorUITests */,
				03ECFB2C2BED6B660045A39D /* Products */,
			);
			sourceTree = "<group>";
		};
		03ECFB2C2BED6B660045A39D /* Products */ = {
			isa = PBXGroup;
			children = (
				03ECFB2B2BED6B660045A39D /* calculator.app */,
				03ECFB402BED6B670045A39D /* calculatorTests.xctest */,
				03ECFB4A2BED6B670045A39D /* calculatorUITests.xctest */,
			);
			name = Products;
			sourceTree = "<group>";
		};
		03ECFB2D2BED6B660045A39D /* calculator */ = {
			isa = PBXGroup;
			children = (
				03ECFB2E2BED6B660045A39D /* calculatorApp.swift */,
				03ECFB302BED6B660045A39D /* ContentView.swift */,
				03ECFB5F2BED70370045A39D /* calculatorButton.swift */,
				03ECFB5D2BED6E9C0045A39D /* TotalText.swift */,
				03ECFB322BED6B670045A39D /* Assets.xcassets */,
				03ECFB372BED6B670045A39D /* Persistence.swift */,
				03ECFB392BED6B670045A39D /* calculator.xcdatamodeld */,
				03ECFB342BED6B670045A39D /* Preview Content */,
			);
			path = calculator;
			sourceTree = "<group>";
		};
		03ECFB342BED6B670045A39D /* Preview Content */ = {
			isa = PBXGroup;
			children = (
				03ECFB352BED6B670045A39D /* Preview Assets.xcassets */,
			);
			path = "Preview Content";
			sourceTree = "<group>";
		};
		03ECFB432BED6B670045A39D /* calculatorTests */ = {
			isa = PBXGroup;
			children = (
				03ECFB442BED6B670045A39D /* calculatorTests.swift */,
			);
			path = calculatorTests;
			sourceTree = "<group>";
		};
		03ECFB4D2BED6B670045A39D /* calculatorUITests */ = {
			isa = PBXGroup;
			children = (
				03ECFB4E2BED6B670045A39D /* calculatorUITests.swift */,
				03ECFB502BED6B670045A39D /* calculatorUITestsLaunchTests.swift */,
			);
			path = calculatorUITests;
			sourceTree = "<group>";
		};
/* End PBXGroup section */

/* Begin PBXNativeTarget section */
		03ECFB2A2BED6B660045A39D /* calculator */ = {
			isa = PBXNativeTarget;
			buildConfigurationList = 03ECFB542BED6B670045A39D /* Build configuration list for PBXNativeTarget "calculator" */;
			buildPhases = (
				03ECFB272BED6B660045A39D /* Sources */,
				03ECFB282BED6B660045A39D /* Frameworks */,
				03ECFB292BED6B660045A39D /* Resources */,
			);
			buildRules = (
			);
			dependencies = (
			);
			name = calculator;
			productName = calculator;
			productReference = 03ECFB2B2BED6B660045A39D /* calculator.app */;
			productType = "com.apple.product-type.application";
		};
		03ECFB3F2BED6B670045A39D /* calculatorTests */ = {
			isa = PBXNativeTarget;
			buildConfigurationList = 03ECFB572BED6B670045A39D /* Build configuration list for PBXNativeTarget "calculatorTests" */;
			buildPhases = (
				03ECFB3C2BED6B670045A39D /* Sources */,
				03ECFB3D2BED6B670045A39D /* Frameworks */,
				03ECFB3E2BED6B670045A39D /* Resources */,
			);
			buildRules = (
			);
			dependencies = (
				03ECFB422BED6B670045A39D /* PBXTargetDependency */,
			);
			name = calculatorTests;
			productName = calculatorTests;
			productReference = 03ECFB402BED6B670045A39D /* calculatorTests.xctest */;
			productType = "com.apple.product-type.bundle.unit-test";
		};
		03ECFB492BED6B670045A39D /* calculatorUITests */ = {
			isa = PBXNativeTarget;
			buildConfigurationList = 03ECFB5A2BED6B670045A39D /* Build configuration list for PBXNativeTarget "calculatorUITests" */;
			buildPhases = (
				03ECFB462BED6B670045A39D /* Sources */,
				03ECFB472BED6B670045A39D /* Frameworks */,
				03ECFB482BED6B670045A39D /* Resources */,
			);
			buildRules = (
			);
			dependencies = (
				03ECFB4C2BED6B670045A39D /* PBXTargetDependency */,
			);
			name = calculatorUITests;
			productName = calculatorUITests;
			productReference = 03ECFB4A2BED6B670045A39D /* calculatorUITests.xctest */;
			productType = "com.apple.product-type.bundle.ui-testing";
		};
/* End PBXNativeTarget section */

/* Begin PBXProject section */
		03ECFB232BED6B660045A39D /* Project object */ = {
			isa = PBXProject;
			attributes = {
				BuildIndependentTargetsInParallel = 1;
				LastSwiftUpdateCheck = 1530;
				LastUpgradeCheck = 1530;
				TargetAttributes = {
					03ECFB2A2BED6B660045A39D = {
						CreatedOnToolsVersion = 15.3;
					};
					03ECFB3F2BED6B670045A39D = {
						CreatedOnToolsVersion = 15.3;
						TestTargetID = 03ECFB2A2BED6B660045A39D;
					};
					03ECFB492BED6B670045A39D = {
						CreatedOnToolsVersion = 15.3;
						TestTargetID = 03ECFB2A2BED6B660045A39D;
					};
				};
			};
			buildConfigurationList = 03ECFB262BED6B660045A39D /* Build configuration list for PBXProject "calculator" */;
			compatibilityVersion = "Xcode 14.0";
			developmentRegion = en;
			hasScannedForEncodings = 0;
			knownRegions = (
				en,
				Base,
			);
			mainGroup = 03ECFB222BED6B660045A39D;
			productRefGroup = 03ECFB2C2BED6B660045A39D /* Products */;
			projectDirPath = "";
			projectRoot = "";
			targets = (
				03ECFB2A2BED6B660045A39D /* calculator */,
				03ECFB3F2BED6B670045A39D /* calculatorTests */,
				03ECFB492BED6B670045A39D /* calculatorUITests */,
			);
		};
/* End PBXProject section */

/* Begin PBXResourcesBuildPhase section */
		03ECFB292BED6B660045A39D /* Resources */ = {
			isa = PBXResourcesBuildPhase;
			buildActionMask = 2147483647;
			files = (
				03ECFB362BED6B670045A39D /* Preview Assets.xcassets in Resources */,
				03ECFB332BED6B670045A39D /* Assets.xcassets in Resources */,
			);
			runOnlyForDeploymentPostprocessing = 0;
		};
		03ECFB3E2BED6B670045A39D /* Resources */ = {
			isa = PBXResourcesBuildPhase;
			buildActionMask = 2147483647;
			files = (
			);
			runOnlyForDeploymentPostprocessing = 0;
		};
		03ECFB482BED6B670045A39D /* Resources */ = {
			isa = PBXResourcesBuildPhase;
			buildActionMask = 2147483647;
			files = (
			);
			runOnlyForDeploymentPostprocessing = 0;
		};
/* End PBXResourcesBuildPhase section */

/* Begin PBXSourcesBuildPhase section */
		03ECFB272BED6B660045A39D /* Sources */ = {
			isa = PBXSourcesBuildPhase;
			buildActionMask = 2147483647;
			files = (
				03ECFB382BED6B670045A39D /* Persistence.swift in Sources */,
				03ECFB602BED70370045A39D /* calculatorButton.swift in Sources */,
				03ECFB3B2BED6B670045A39D /* calculator.xcdatamodeld in Sources */,
				03ECFB312BED6B660045A39D /* ContentView.swift in Sources */,
				03ECFB5E2BED6E9C0045A39D /* TotalText.swift in Sources */,
				03ECFB2F2BED6B660045A39D /* calculatorApp.swift in Sources */,
			);
			runOnlyForDeploymentPostprocessing = 0;
		};
		03ECFB3C2BED6B670045A39D /* Sources */ = {
			isa = PBXSourcesBuildPhase;
			buildActionMask = 2147483647;
			files = (
				03ECFB452BED6B670045A39D /* calculatorTests.swift in Sources */,
			);
			runOnlyForDeploymentPostprocessing = 0;
		};
		03ECFB462BED6B670045A39D /* Sources */ = {
			isa = PBXSourcesBuildPhase;
			buildActionMask = 2147483647;
			files = (
				03ECFB512BED6B670045A39D /* calculatorUITestsLaunchTests.swift in Sources */,
				03ECFB4F2BED6B670045A39D /* calculatorUITests.swift in Sources */,
			);
			runOnlyForDeploymentPostprocessing = 0;
		};
/* End PBXSourcesBuildPhase section */

/* Begin PBXTargetDependency section */
		03ECFB422BED6B670045A39D /* PBXTargetDependency */ = {
			isa = PBXTargetDependency;
			target = 03ECFB2A2BED6B660045A39D /* calculator */;
			targetProxy = 03ECFB412BED6B670045A39D /* PBXContainerItemProxy */;
		};
		03ECFB4C2BED6B670045A39D /* PBXTargetDependency */ = {
			isa = PBXTargetDependency;
			target = 03ECFB2A2BED6B660045A39D /* calculator */;
			targetProxy = 03ECFB4B2BED6B670045A39D /* PBXContainerItemProxy */;
		};
/* End PBXTargetDependency section */

/* Begin XCBuildConfiguration section */
		03ECFB522BED6B670045A39D /* Debug */ = {
			isa = XCBuildConfiguration;
			buildSettings = {
				ALWAYS_SEARCH_USER_PATHS = NO;
				ASSETCATALOG_COMPILER_GENERATE_SWIFT_ASSET_SYMBOL_EXTENSIONS = YES;
				CLANG_ANALYZER_NONNULL = YES;
				CLANG_ANALYZER_NUMBER_OBJECT_CONVERSION = YES_AGGRESSIVE;
				CLANG_CXX_LANGUAGE_STANDARD = "gnu++20";
				CLANG_ENABLE_MODULES = YES;
				CLANG_ENABLE_OBJC_ARC = YES;
				CLANG_ENABLE_OBJC_WEAK = YES;
				CLANG_WARN_BLOCK_CAPTURE_AUTORELEASING = YES;
				CLANG_WARN_BOOL_CONVERSION = YES;
				CLANG_WARN_COMMA = YES;
				CLANG_WARN_CONSTANT_CONVERSION = YES;
				CLANG_WARN_DEPRECATED_OBJC_IMPLEMENTATIONS = YES;
				CLANG_WARN_DIRECT_OBJC_ISA_USAGE = YES_ERROR;
				CLANG_WARN_DOCUMENTATION_COMMENTS = YES;
				CLANG_WARN_EMPTY_BODY = YES;
				CLANG_WARN_ENUM_CONVERSION = YES;
				CLANG_WARN_INFINITE_RECURSION = YES;
				CLANG_WARN_INT_CONVERSION = YES;
				CLANG_WARN_NON_LITERAL_NULL_CONVERSION = YES;
				CLANG_WARN_OBJC_IMPLICIT_RETAIN_SELF = YES;
				CLANG_WARN_OBJC_LITERAL_CONVERSION = YES;
				CLANG_WARN_OBJC_ROOT_CLASS = YES_ERROR;
				CLANG_WARN_QUOTED_INCLUDE_IN_FRAMEWORK_HEADER = YES;
				CLANG_WARN_RANGE_LOOP_ANALYSIS = YES;
				CLANG_WARN_STRICT_PROTOTYPES = YES;
				CLANG_WARN_SUSPICIOUS_MOVE = YES;
				CLANG_WARN_UNGUARDED_AVAILABILITY = YES_AGGRESSIVE;
				CLANG_WARN_UNREACHABLE_CODE = YES;
				CLANG_WARN__DUPLICATE_METHOD_MATCH = YES;
				COPY_PHASE_STRIP = NO;
				DEBUG_INFORMATION_FORMAT = dwarf;
				ENABLE_STRICT_OBJC_MSGSEND = YES;
				ENABLE_TESTABILITY = YES;
				ENABLE_USER_SCRIPT_SANDBOXING = YES;
				GCC_C_LANGUAGE_STANDARD = gnu17;
				GCC_DYNAMIC_NO_PIC = NO;
				GCC_NO_COMMON_BLOCKS = YES;
				GCC_OPTIMIZATION_LEVEL = 0;
				GCC_PREPROCESSOR_DEFINITIONS = (
					"DEBUG=1",
					"$(inherited)",
				);
				GCC_WARN_64_TO_32_BIT_CONVERSION = YES;
				GCC_WARN_ABOUT_RETURN_TYPE = YES_ERROR;
				GCC_WARN_UNDECLARED_SELECTOR = YES;
				GCC_WARN_UNINITIALIZED_AUTOS = YES_AGGRESSIVE;
				GCC_WARN_UNUSED_FUNCTION = YES;
				GCC_WARN_UNUSED_VARIABLE = YES;
				IPHONEOS_DEPLOYMENT_TARGET = 17.4;
				LOCALIZATION_PREFERS_STRING_CATALOGS = YES;
				MTL_ENABLE_DEBUG_INFO = INCLUDE_SOURCE;
				MTL_FAST_MATH = YES;
				ONLY_ACTIVE_ARCH = YES;
				SDKROOT = iphoneos;
				SWIFT_ACTIVE_COMPILATION_CONDITIONS = "DEBUG $(inherited)";
				SWIFT_OPTIMIZATION_LEVEL = "-Onone";
			};
			name = Debug;
		};
		03ECFB532BED6B670045A39D /* Release */ = {
			isa = XCBuildConfiguration;
			buildSettings = {
				ALWAYS_SEARCH_USER_PATHS = NO;
				ASSETCATALOG_COMPILER_GENERATE_SWIFT_ASSET_SYMBOL_EXTENSIONS = YES;
				CLANG_ANALYZER_NONNULL = YES;
				CLANG_ANALYZER_NUMBER_OBJECT_CONVERSION = YES_AGGRESSIVE;
				CLANG_CXX_LANGUAGE_STANDARD = "gnu++20";
				CLANG_ENABLE_MODULES = YES;
				CLANG_ENABLE_OBJC_ARC = YES;
				CLANG_ENABLE_OBJC_WEAK = YES;
				CLANG_WARN_BLOCK_CAPTURE_AUTORELEASING = YES;
				CLANG_WARN_BOOL_CONVERSION = YES;
				CLANG_WARN_COMMA = YES;
				CLANG_WARN_CONSTANT_CONVERSION = YES;
				CLANG_WARN_DEPRECATED_OBJC_IMPLEMENTATIONS = YES;
				CLANG_WARN_DIRECT_OBJC_ISA_USAGE = YES_ERROR;
				CLANG_WARN_DOCUMENTATION_COMMENTS = YES;
				CLANG_WARN_EMPTY_BODY = YES;
				CLANG_WARN_ENUM_CONVERSION = YES;
				CLANG_WARN_INFINITE_RECURSION = YES;
				CLANG_WARN_INT_CONVERSION = YES;
				CLANG_WARN_NON_LITERAL_NULL_CONVERSION = YES;
				CLANG_WARN_OBJC_IMPLICIT_RETAIN_SELF = YES;
				CLANG_WARN_OBJC_LITERAL_CONVERSION = YES;
				CLANG_WARN_OBJC_ROOT_CLASS = YES_ERROR;
				CLANG_WARN_QUOTED_INCLUDE_IN_FRAMEWORK_HEADER = YES;
				CLANG_WARN_RANGE_LOOP_ANALYSIS = YES;
				CLANG_WARN_STRICT_PROTOTYPES = YES;
				CLANG_WARN_SUSPICIOUS_MOVE = YES;
				CLANG_WARN_UNGUARDED_AVAILABILITY = YES_AGGRESSIVE;
				CLANG_WARN_UNREACHABLE_CODE = YES;
				CLANG_WARN__DUPLICATE_METHOD_MATCH = YES;
				COPY_PHASE_STRIP = NO;
				DEBUG_INFORMATION_FORMAT = "dwarf-with-dsym";
				ENABLE_NS_ASSERTIONS = NO;
				ENABLE_STRICT_OBJC_MSGSEND = YES;
				ENABLE_USER_SCRIPT_SANDBOXING = YES;
				GCC_C_LANGUAGE_STANDARD = gnu17;
				GCC_NO_COMMON_BLOCKS = YES;
				GCC_WARN_64_TO_32_BIT_CONVERSION = YES;
				GCC_WARN_ABOUT_RETURN_TYPE = YES_ERROR;
				GCC_WARN_UNDECLARED_SELECTOR = YES;
				GCC_WARN_UNINITIALIZED_AUTOS = YES_AGGRESSIVE;
				GCC_WARN_UNUSED_FUNCTION = YES;
				GCC_WARN_UNUSED_VARIABLE = YES;
				IPHONEOS_DEPLOYMENT_TARGET = 17.4;
				LOCALIZATION_PREFERS_STRING_CATALOGS = YES;
				MTL_ENABLE_DEBUG_INFO = NO;
				MTL_FAST_MATH = YES;
				SDKROOT = iphoneos;
				SWIFT_COMPILATION_MODE = wholemodule;
				VALIDATE_PRODUCT = YES;
			};
			name = Release;
		};
		03ECFB552BED6B670045A39D /* Debug */ = {
			isa = XCBuildConfiguration;
			buildSettings = {
				ASSETCATALOG_COMPILER_APPICON_NAME = AppIcon;
				ASSETCATALOG_COMPILER_GLOBAL_ACCENT_COLOR_NAME = AccentColor;
				CODE_SIGN_STYLE = Automatic;
				CURRENT_PROJECT_VERSION = 1;
				DEVELOPMENT_ASSET_PATHS = "\"calculator/Preview Content\"";
				DEVELOPMENT_TEAM = HQTCUERK38;
				ENABLE_PREVIEWS = YES;
				GENERATE_INFOPLIST_FILE = YES;
				INFOPLIST_KEY_UIApplicationSceneManifest_Generation = YES;
				INFOPLIST_KEY_UIApplicationSupportsIndirectInputEvents = YES;
				INFOPLIST_KEY_UILaunchScreen_Generation = YES;
				INFOPLIST_KEY_UISupportedInterfaceOrientations_iPad = "UIInterfaceOrientationPortrait UIInterfaceOrientationPortraitUpsideDown UIInterfaceOrientationLandscapeLeft UIInterfaceOrientationLandscapeRight";
				INFOPLIST_KEY_UISupportedInterfaceOrientations_iPhone = "UIInterfaceOrientationPortrait UIInterfaceOrientationLandscapeLeft UIInterfaceOrientationLandscapeRight";
				LD_RUNPATH_SEARCH_PATHS = (
					"$(inherited)",
					"@executable_path/Frameworks",
				);
				MARKETING_VERSION = 1.0;
				PRODUCT_BUNDLE_IDENTIFIER = jhol.calculator;
				PRODUCT_NAME = "$(TARGET_NAME)";
				SWIFT_EMIT_LOC_STRINGS = YES;
				SWIFT_VERSION = 5.0;
				TARGETED_DEVICE_FAMILY = "1,2";
			};
			name = Debug;
		};
		03ECFB562BED6B670045A39D /* Release */ = {
			isa = XCBuildConfiguration;
			buildSettings = {
				ASSETCATALOG_COMPILER_APPICON_NAME = AppIcon;
				ASSETCATALOG_COMPILER_GLOBAL_ACCENT_COLOR_NAME = AccentColor;
				CODE_SIGN_STYLE = Automatic;
				CURRENT_PROJECT_VERSION = 1;
				DEVELOPMENT_ASSET_PATHS = "\"calculator/Preview Content\"";
				DEVELOPMENT_TEAM = HQTCUERK38;
				ENABLE_PREVIEWS = YES;
				GENERATE_INFOPLIST_FILE = YES;
				INFOPLIST_KEY_UIApplicationSceneManifest_Generation = YES;
				INFOPLIST_KEY_UIApplicationSupportsIndirectInputEvents = YES;
				INFOPLIST_KEY_UILaunchScreen_Generation = YES;
				INFOPLIST_KEY_UISupportedInterfaceOrientations_iPad = "UIInterfaceOrientationPortrait UIInterfaceOrientationPortraitUpsideDown UIInterfaceOrientationLandscapeLeft UIInterfaceOrientationLandscapeRight";
				INFOPLIST_KEY_UISupportedInterfaceOrientations_iPhone = "UIInterfaceOrientationPortrait UIInterfaceOrientationLandscapeLeft UIInterfaceOrientationLandscapeRight";
				LD_RUNPATH_SEARCH_PATHS = (
					"$(inherited)",
					"@executable_path/Frameworks",
				);
				MARKETING_VERSION = 1.0;
				PRODUCT_BUNDLE_IDENTIFIER = jhol.calculator;
				PRODUCT_NAME = "$(TARGET_NAME)";
				SWIFT_EMIT_LOC_STRINGS = YES;
				SWIFT_VERSION = 5.0;
				TARGETED_DEVICE_FAMILY = "1,2";
			};
			name = Release;
		};
		03ECFB582BED6B670045A39D /* Debug */ = {
			isa = XCBuildConfiguration;
			buildSettings = {
				ALWAYS_EMBED_SWIFT_STANDARD_LIBRARIES = YES;
				BUNDLE_LOADER = "$(TEST_HOST)";
				CODE_SIGN_STYLE = Automatic;
				CURRENT_PROJECT_VERSION = 1;
				DEVELOPMENT_TEAM = HQTCUERK38;
				GENERATE_INFOPLIST_FILE = YES;
				IPHONEOS_DEPLOYMENT_TARGET = 17.4;
				MARKETING_VERSION = 1.0;
				PRODUCT_BUNDLE_IDENTIFIER = jhol.calculatorTests;
				PRODUCT_NAME = "$(TARGET_NAME)";
				SWIFT_EMIT_LOC_STRINGS = NO;
				SWIFT_VERSION = 5.0;
				TARGETED_DEVICE_FAMILY = "1,2";
				TEST_HOST = "$(BUILT_PRODUCTS_DIR)/calculator.app/$(BUNDLE_EXECUTABLE_FOLDER_PATH)/calculator";
			};
			name = Debug;
		};
		03ECFB592BED6B670045A39D /* Release */ = {
			isa = XCBuildConfiguration;
			buildSettings = {
				ALWAYS_EMBED_SWIFT_STANDARD_LIBRARIES = YES;
				BUNDLE_LOADER = "$(TEST_HOST)";
				CODE_SIGN_STYLE = Automatic;
				CURRENT_PROJECT_VERSION = 1;
				DEVELOPMENT_TEAM = HQTCUERK38;
				GENERATE_INFOPLIST_FILE = YES;
				IPHONEOS_DEPLOYMENT_TARGET = 17.4;
				MARKETING_VERSION = 1.0;
				PRODUCT_BUNDLE_IDENTIFIER = jhol.calculatorTests;
				PRODUCT_NAME = "$(TARGET_NAME)";
				SWIFT_EMIT_LOC_STRINGS = NO;
				SWIFT_VERSION = 5.0;
				TARGETED_DEVICE_FAMILY = "1,2";
				TEST_HOST = "$(BUILT_PRODUCTS_DIR)/calculator.app/$(BUNDLE_EXECUTABLE_FOLDER_PATH)/calculator";
			};
			name = Release;
		};
		03ECFB5B2BED6B670045A39D /* Debug */ = {
			isa = XCBuildConfiguration;
			buildSettings = {
				ALWAYS_EMBED_SWIFT_STANDARD_LIBRARIES = YES;
				CODE_SIGN_STYLE = Automatic;
				CURRENT_PROJECT_VERSION = 1;
				DEVELOPMENT_TEAM = HQTCUERK38;
				GENERATE_INFOPLIST_FILE = YES;
				MARKETING_VERSION = 1.0;
				PRODUCT_BUNDLE_IDENTIFIER = jhol.calculatorUITests;
				PRODUCT_NAME = "$(TARGET_NAME)";
				SWIFT_EMIT_LOC_STRINGS = NO;
				SWIFT_VERSION = 5.0;
				TARGETED_DEVICE_FAMILY = "1,2";
				TEST_TARGET_NAME = calculator;
			};
			name = Debug;
		};
		03ECFB5C2BED6B670045A39D /* Release */ = {
			isa = XCBuildConfiguration;
			buildSettings = {
				ALWAYS_EMBED_SWIFT_STANDARD_LIBRARIES = YES;
				CODE_SIGN_STYLE = Automatic;
				CURRENT_PROJECT_VERSION = 1;
				DEVELOPMENT_TEAM = HQTCUERK38;
				GENERATE_INFOPLIST_FILE = YES;
				MARKETING_VERSION = 1.0;
				PRODUCT_BUNDLE_IDENTIFIER = jhol.calculatorUITests;
				PRODUCT_NAME = "$(TARGET_NAME)";
				SWIFT_EMIT_LOC_STRINGS = NO;
				SWIFT_VERSION = 5.0;
				TARGETED_DEVICE_FAMILY = "1,2";
				TEST_TARGET_NAME = calculator;
			};
			name = Release;
		};
/* End XCBuildConfiguration section */

/* Begin XCConfigurationList section */
		03ECFB262BED6B660045A39D /* Build configuration list for PBXProject "calculator" */ = {
			isa = XCConfigurationList;
			buildConfigurations = (
				03ECFB522BED6B670045A39D /* Debug */,
				03ECFB532BED6B670045A39D /* Release */,
			);
			defaultConfigurationIsVisible = 0;
			defaultConfigurationName = Release;
		};
		03ECFB542BED6B670045A39D /* Build configuration list for PBXNativeTarget "calculator" */ = {
			isa = XCConfigurationList;
			buildConfigurations = (
				03ECFB552BED6B670045A39D /* Debug */,
				03ECFB562BED6B670045A39D /* Release */,
			);
			defaultConfigurationIsVisible = 0;
			defaultConfigurationName = Release;
		};
		03ECFB572BED6B670045A39D /* Build configuration list for PBXNativeTarget "calculatorTests" */ = {
			isa = XCConfigurationList;
			buildConfigurations = (
				03ECFB582BED6B670045A39D /* Debug */,
				03ECFB592BED6B670045A39D /* Release */,
			);
			defaultConfigurationIsVisible = 0;
			defaultConfigurationName = Release;
		};
		03ECFB5A2BED6B670045A39D /* Build configuration list for PBXNativeTarget "calculatorUITests" */ = {
			isa = XCConfigurationList;
			buildConfigurations = (
				03ECFB5B2BED6B670045A39D /* Debug */,
				03ECFB5C2BED6B670045A39D /* Release */,
			);
			defaultConfigurationIsVisible = 0;
			defaultConfigurationName = Release;
		};
/* End XCConfigurationList section */

/* Begin XCVersionGroup section */
		03ECFB392BED6B670045A39D /* calculator.xcdatamodeld */ = {
			isa = XCVersionGroup;
			children = (
				03ECFB3A2BED6B670045A39D /* calculator.xcdatamodel */,
			);
			currentVersion = 03ECFB3A2BED6B670045A39D /* calculator.xcdatamodel */;
			path = calculator.xcdatamodeld;
			sourceTree = "<group>";
			versionGroupType = wrapper.xcdatamodel;
		};
/* End XCVersionGroup section */
	};
	rootObject = 03ECFB232BED6B660045A39D /* Project object */;
}
